// !$*UTF8*$!
{
	archiveVersion = 1;
	classes = {
	};
	objectVersion = 56;
	objects = {

/* Begin PBXBuildFile section */
		7300E6D72B5BA69F00221593 /* AppDelegate.swift in Sources */ = {isa = PBXBuildFile; fileRef = 7300E6D62B5BA69F00221593 /* AppDelegate.swift */; };
		7300E6DE2B5BA69F00221593 /* Main.storyboard in Resources */ = {isa = PBXBuildFile; fileRef = 7300E6DC2B5BA69F00221593 /* Main.storyboard */; };
		7300E6E12B5BA69F00221593 /* ShoppingHub__.xcdatamodeld in Sources */ = {isa = PBXBuildFile; fileRef = 7300E6DF2B5BA69F00221593 /* ShoppingHub__.xcdatamodeld */; };
		7300E6E62B5BA6A200221593 /* LaunchScreen.storyboard in Resources */ = {isa = PBXBuildFile; fileRef = 7300E6E42B5BA6A200221593 /* LaunchScreen.storyboard */; };
		7300E6F22B5BAB4200221593 /* UIViewExtension.swift in Sources */ = {isa = PBXBuildFile; fileRef = 7300E6F12B5BAB4200221593 /* UIViewExtension.swift */; };
		7300E6F42B5BAE1E00221593 /* AppFontHelper.swift in Sources */ = {isa = PBXBuildFile; fileRef = 7300E6F32B5BAE1E00221593 /* AppFontHelper.swift */; };
		7300E6F82B5BB2E400221593 /* LoginViewController.swift in Sources */ = {isa = PBXBuildFile; fileRef = 7300E6F72B5BB2E400221593 /* LoginViewController.swift */; };
		7300E7002B5BB87F00221593 /* ApiError.swift in Sources */ = {isa = PBXBuildFile; fileRef = 7300E6FC2B5BB87E00221593 /* ApiError.swift */; };
		7300E7012B5BB87F00221593 /* ApiHelper.swift in Sources */ = {isa = PBXBuildFile; fileRef = 7300E6FD2B5BB87E00221593 /* ApiHelper.swift */; };
		7300E7032B5BB87F00221593 /* ApiEndpoint.swift in Sources */ = {isa = PBXBuildFile; fileRef = 7300E6FF2B5BB87F00221593 /* ApiEndpoint.swift */; };
		7300E7072B5BBAB900221593 /* LoginModel.swift in Sources */ = {isa = PBXBuildFile; fileRef = 7300E7062B5BBAB900221593 /* LoginModel.swift */; };
		7300E70A2B5BBB3600221593 /* LoginModelEncodable.swift in Sources */ = {isa = PBXBuildFile; fileRef = 7300E7092B5BBB3600221593 /* LoginModelEncodable.swift */; };
		7300E70D2B5BBC0100221593 /* LoginModelDecodable.swift in Sources */ = {isa = PBXBuildFile; fileRef = 7300E70C2B5BBC0100221593 /* LoginModelDecodable.swift */; };
		7300E70F2B5BC05D00221593 /* LoginViewModel.swift in Sources */ = {isa = PBXBuildFile; fileRef = 7300E70E2B5BC05D00221593 /* LoginViewModel.swift */; };
		7300E7112B5D007F00221593 /* ActivityIndicator.swift in Sources */ = {isa = PBXBuildFile; fileRef = 7300E7102B5D007F00221593 /* ActivityIndicator.swift */; };
		7300E7132B5D011500221593 /* AppColor.swift in Sources */ = {isa = PBXBuildFile; fileRef = 7300E7122B5D011500221593 /* AppColor.swift */; };
		7300E7152B5F2ED700221593 /* ApiManager.swift in Sources */ = {isa = PBXBuildFile; fileRef = 7300E7142B5F2ED700221593 /* ApiManager.swift */; };
		7300E7172B5F304E00221593 /* AlertController.swift in Sources */ = {isa = PBXBuildFile; fileRef = 7300E7162B5F304E00221593 /* AlertController.swift */; };
		730277142B722C86005979A6 /* MealFilterViewController.swift in Sources */ = {isa = PBXBuildFile; fileRef = 730277132B722C86005979A6 /* MealFilterViewController.swift */; };
		730277162B722D8E005979A6 /* MealFilterDataSource.swift in Sources */ = {isa = PBXBuildFile; fileRef = 730277152B722D8E005979A6 /* MealFilterDataSource.swift */; };
		7302771A2B722DBB005979A6 /* MealFilterViewModel.swift in Sources */ = {isa = PBXBuildFile; fileRef = 730277192B722DBB005979A6 /* MealFilterViewModel.swift */; };
		7302771F2B722E81005979A6 /* MealFilterTableViewCell.swift in Sources */ = {isa = PBXBuildFile; fileRef = 7302771E2B722E81005979A6 /* MealFilterTableViewCell.swift */; };
		730C31F52B616BFD002756FE /* AppGradientLayer.swift in Sources */ = {isa = PBXBuildFile; fileRef = 730C31F42B616BFD002756FE /* AppGradientLayer.swift */; };
		7324CFBD2B6AD13B00DA6D35 /* MealListTableCellViewModel.swift in Sources */ = {isa = PBXBuildFile; fileRef = 7324CFBC2B6AD13B00DA6D35 /* MealListTableCellViewModel.swift */; };
		7334C8C72B6FB51600DA0ED4 /* MealDetailModel.swift in Sources */ = {isa = PBXBuildFile; fileRef = 7334C8C62B6FB51600DA0ED4 /* MealDetailModel.swift */; };
		7334C8CA2B6FB5CD00DA0ED4 /* MealDetailViewModel.swift in Sources */ = {isa = PBXBuildFile; fileRef = 7334C8C92B6FB5CD00DA0ED4 /* MealDetailViewModel.swift */; };
		7334C8CC2B6FB63800DA0ED4 /* MealDetailViewController.swift in Sources */ = {isa = PBXBuildFile; fileRef = 7334C8CB2B6FB63800DA0ED4 /* MealDetailViewController.swift */; };
		7334C8D02B6FB92E00DA0ED4 /* MealDetailStoryboard.storyboard in Resources */ = {isa = PBXBuildFile; fileRef = 7334C8CF2B6FB92E00DA0ED4 /* MealDetailStoryboard.storyboard */; };
		7334C8D22B6FD21E00DA0ED4 /* MealViewController.swift in Sources */ = {isa = PBXBuildFile; fileRef = 7334C8D12B6FD21E00DA0ED4 /* MealViewController.swift */; };
		7334C8D42B6FE3C900DA0ED4 /* IngredientDataSource.swift in Sources */ = {isa = PBXBuildFile; fileRef = 7334C8D32B6FE3C900DA0ED4 /* IngredientDataSource.swift */; };
		7334C8D62B6FE46400DA0ED4 /* IngredientCell.swift in Sources */ = {isa = PBXBuildFile; fileRef = 7334C8D52B6FE46400DA0ED4 /* IngredientCell.swift */; };
		7334C8DA2B6FEA2200DA0ED4 /* IngredientCellViewModel.swift in Sources */ = {isa = PBXBuildFile; fileRef = 7334C8D92B6FEA2200DA0ED4 /* IngredientCellViewModel.swift */; };
		73F8C9FC2B6A410200F467DF /* MealListDataSource.swift in Sources */ = {isa = PBXBuildFile; fileRef = 73F8C9FB2B6A410200F467DF /* MealListDataSource.swift */; };
		73F8C9FF2B6A484F00F467DF /* MealCell.swift in Sources */ = {isa = PBXBuildFile; fileRef = 73F8C9FD2B6A484F00F467DF /* MealCell.swift */; };
		73F8CA002B6A484F00F467DF /* MealCell.xib in Resources */ = {isa = PBXBuildFile; fileRef = 73F8C9FE2B6A484F00F467DF /* MealCell.xib */; };
		73F8CA052B6A81B300F467DF /* Kingfisher in Frameworks */ = {isa = PBXBuildFile; productRef = 73F8CA042B6A81B300F467DF /* Kingfisher */; };
		F40864522B79226200A31FCD /* FoodHubApp.swift in Sources */ = {isa = PBXBuildFile; fileRef = F40864512B79226200A31FCD /* FoodHubApp.swift */; };
		F40864542B79226200A31FCD /* LoginView.swift in Sources */ = {isa = PBXBuildFile; fileRef = F40864532B79226200A31FCD /* LoginView.swift */; };
		F40864592B79226600A31FCD /* Preview Assets.xcassets in Resources */ = {isa = PBXBuildFile; fileRef = F40864582B79226600A31FCD /* Preview Assets.xcassets */; };
		F40864602B79265D00A31FCD /* GredientView.swift in Sources */ = {isa = PBXBuildFile; fileRef = F408645F2B79265D00A31FCD /* GredientView.swift */; };
		F40864632B7929A500A31FCD /* AppColor.swift in Sources */ = {isa = PBXBuildFile; fileRef = 7300E7122B5D011500221593 /* AppColor.swift */; };
		F41377EF2B6BC5FA002CE893 /* Constant.swift in Sources */ = {isa = PBXBuildFile; fileRef = F41377EE2B6BC5FA002CE893 /* Constant.swift */; };
		F420826A2B7147B9003A1E4C /* MealSearchViewController.swift in Sources */ = {isa = PBXBuildFile; fileRef = F42082692B7147B9003A1E4C /* MealSearchViewController.swift */; };
		F42082702B714C04003A1E4C /* MealSeachViewModel.swift in Sources */ = {isa = PBXBuildFile; fileRef = F420826F2B714C04003A1E4C /* MealSeachViewModel.swift */; };
		F422140B2B6E51D0001A0130 /* DependencyRegistry.swift in Sources */ = {isa = PBXBuildFile; fileRef = F422140A2B6E51D0001A0130 /* DependencyRegistry.swift */; };
		F45F3DB52B67A71F0095ECB1 /* FoodTopOptionbarViewModel.swift in Sources */ = {isa = PBXBuildFile; fileRef = F45F3DB42B67A71F0095ECB1 /* FoodTopOptionbarViewModel.swift */; };
		F45F3DBD2B696BCC0095ECB1 /* Tabman in Frameworks */ = {isa = PBXBuildFile; productRef = F45F3DBC2B696BCC0095ECB1 /* Tabman */; };
		F45F3DC02B698F130095ECB1 /* RealodFoodModel.swift in Sources */ = {isa = PBXBuildFile; fileRef = F45F3DBF2B698F130095ECB1 /* RealodFoodModel.swift */; };
		F45F3DC22B6A2DE50095ECB1 /* TopOptionBar.swift in Sources */ = {isa = PBXBuildFile; fileRef = F45F3DC12B6A2DE50095ECB1 /* TopOptionBar.swift */; };
		F45F3DC52B6A33DD0095ECB1 /* MealListTableViewController.swift in Sources */ = {isa = PBXBuildFile; fileRef = F45F3DC42B6A33DD0095ECB1 /* MealListTableViewController.swift */; };
		F45F3DC72B6A34110095ECB1 /* MealListViewModel.swift in Sources */ = {isa = PBXBuildFile; fileRef = F45F3DC62B6A34110095ECB1 /* MealListViewModel.swift */; };
		F47648B72B6BF420001BABEC /* Swinject in Frameworks */ = {isa = PBXBuildFile; productRef = F47648B62B6BF420001BABEC /* Swinject */; };
		F47648C52B6C0F14001BABEC /* StoryboardExtension.swift in Sources */ = {isa = PBXBuildFile; fileRef = F47648C42B6C0F14001BABEC /* StoryboardExtension.swift */; };
		F48A509B2B79327E0011C3FE /* Assets.xcassets in Resources */ = {isa = PBXBuildFile; fileRef = F48A509A2B79327E0011C3FE /* Assets.xcassets */; };
		F48A509C2B7932960011C3FE /* Assets.xcassets in Resources */ = {isa = PBXBuildFile; fileRef = F48A509A2B79327E0011C3FE /* Assets.xcassets */; };
		F48A509D2B7933D70011C3FE /* AppGradientLayer.swift in Sources */ = {isa = PBXBuildFile; fileRef = 730C31F42B616BFD002756FE /* AppGradientLayer.swift */; };
		F48A509F2B7934460011C3FE /* GradientBackgroundView.swift in Sources */ = {isa = PBXBuildFile; fileRef = F48A509E2B7934460011C3FE /* GradientBackgroundView.swift */; };
		F48A50A12B7944B90011C3FE /* LoginViewModel.swift in Sources */ = {isa = PBXBuildFile; fileRef = 7300E70E2B5BC05D00221593 /* LoginViewModel.swift */; };
		F48A50A22B7944BF0011C3FE /* LoginModel.swift in Sources */ = {isa = PBXBuildFile; fileRef = 7300E7062B5BBAB900221593 /* LoginModel.swift */; };
		F48A50A32B7944C30011C3FE /* LoginModelDecodable.swift in Sources */ = {isa = PBXBuildFile; fileRef = 7300E70C2B5BBC0100221593 /* LoginModelDecodable.swift */; };
		F48A50A42B7944C70011C3FE /* LoginModelEncodable.swift in Sources */ = {isa = PBXBuildFile; fileRef = 7300E7092B5BBB3600221593 /* LoginModelEncodable.swift */; };
		F48A50A52B7944E30011C3FE /* ApiManager.swift in Sources */ = {isa = PBXBuildFile; fileRef = 7300E7142B5F2ED700221593 /* ApiManager.swift */; };
		F48A50A62B7944EA0011C3FE /* ApiEndpoint.swift in Sources */ = {isa = PBXBuildFile; fileRef = 7300E6FF2B5BB87F00221593 /* ApiEndpoint.swift */; };
		F48A50A72B7944ED0011C3FE /* ApiError.swift in Sources */ = {isa = PBXBuildFile; fileRef = 7300E6FC2B5BB87E00221593 /* ApiError.swift */; };
		F48A50A82B7944F10011C3FE /* ApiHelper.swift in Sources */ = {isa = PBXBuildFile; fileRef = 7300E6FD2B5BB87E00221593 /* ApiHelper.swift */; };
		F48A50A92B7944F50011C3FE /* Constant.swift in Sources */ = {isa = PBXBuildFile; fileRef = F41377EE2B6BC5FA002CE893 /* Constant.swift */; };
		F48A50AA2B79451C0011C3FE /* RealodFoodModel.swift in Sources */ = {isa = PBXBuildFile; fileRef = F45F3DBF2B698F130095ECB1 /* RealodFoodModel.swift */; };
		F48A50AB2B79452C0011C3FE /* MealDataManager.swift in Sources */ = {isa = PBXBuildFile; fileRef = F4C20CF72B67768100D0C85C /* MealDataManager.swift */; };
		F48A50AC2B7945460011C3FE /* FoodListDecadableModel.swift in Sources */ = {isa = PBXBuildFile; fileRef = F4C20CF32B664B6200D0C85C /* FoodListDecadableModel.swift */; };
		F48A50AD2B7945780011C3FE /* ShoppingHub__.xcdatamodeld in Sources */ = {isa = PBXBuildFile; fileRef = 7300E6DF2B5BA69F00221593 /* ShoppingHub__.xcdatamodeld */; };
		F48A50AE2B794FA30011C3FE /* LaunchScreen.storyboard in Resources */ = {isa = PBXBuildFile; fileRef = 7300E6E42B5BA6A200221593 /* LaunchScreen.storyboard */; };
		F48D3A3B2B6E332100CC9961 /* RootNavigationCoordinator.swift in Sources */ = {isa = PBXBuildFile; fileRef = F48D3A392B6D765100CC9961 /* RootNavigationCoordinator.swift */; };
		F4C20CEE2B6645CC00D0C85C /* FoodTabController.swift in Sources */ = {isa = PBXBuildFile; fileRef = F4C20CED2B6645CC00D0C85C /* FoodTabController.swift */; };
		F4C20CF22B66466300D0C85C /* FoodTabModel.swift in Sources */ = {isa = PBXBuildFile; fileRef = F4C20CF12B66466300D0C85C /* FoodTabModel.swift */; };
		F4C20CF42B664B6200D0C85C /* FoodListDecadableModel.swift in Sources */ = {isa = PBXBuildFile; fileRef = F4C20CF32B664B6200D0C85C /* FoodListDecadableModel.swift */; };
		F4C20CF82B67768100D0C85C /* MealDataManager.swift in Sources */ = {isa = PBXBuildFile; fileRef = F4C20CF72B67768100D0C85C /* MealDataManager.swift */; };
		F4C20CFA2B6780C800D0C85C /* MealDataProvider.swift in Sources */ = {isa = PBXBuildFile; fileRef = F4C20CF92B6780C800D0C85C /* MealDataProvider.swift */; };
		F4C20CFD2B678D3900D0C85C /* FoodTabViewModel.swift in Sources */ = {isa = PBXBuildFile; fileRef = F4C20CFC2B678D3900D0C85C /* FoodTabViewModel.swift */; };
		F4C20D022B67A16200D0C85C /* FoodOptionTopBarController.swift in Sources */ = {isa = PBXBuildFile; fileRef = F4C20D012B67A16200D0C85C /* FoodOptionTopBarController.swift */; };
		F4C20D042B67A18800D0C85C /* FoodStoryboard.storyboard in Resources */ = {isa = PBXBuildFile; fileRef = F4C20D032B67A18800D0C85C /* FoodStoryboard.storyboard */; };
/* End PBXBuildFile section */

/* Begin PBXCopyFilesBuildPhase section */
		F47648BB2B6BF44B001BABEC /* Embed Frameworks */ = {
			isa = PBXCopyFilesBuildPhase;
			buildActionMask = 2147483647;
			dstPath = "";
			dstSubfolderSpec = 10;
			files = (
			);
			name = "Embed Frameworks";
			runOnlyForDeploymentPostprocessing = 0;
		};
/* End PBXCopyFilesBuildPhase section */

/* Begin PBXFileReference section */
		7300E6D32B5BA69F00221593 /* ShoppingHub!!.app */ = {isa = PBXFileReference; explicitFileType = wrapper.application; includeInIndex = 0; path = "ShoppingHub!!.app"; sourceTree = BUILT_PRODUCTS_DIR; };
		7300E6D62B5BA69F00221593 /* AppDelegate.swift */ = {isa = PBXFileReference; lastKnownFileType = sourcecode.swift; path = AppDelegate.swift; sourceTree = "<group>"; };
		7300E6DD2B5BA69F00221593 /* Base */ = {isa = PBXFileReference; lastKnownFileType = file.storyboard; name = Base; path = Base.lproj/Main.storyboard; sourceTree = "<group>"; };
		7300E6E02B5BA69F00221593 /* ShoppingHub__.xcdatamodel */ = {isa = PBXFileReference; lastKnownFileType = wrapper.xcdatamodel; path = ShoppingHub__.xcdatamodel; sourceTree = "<group>"; };
		7300E6E52B5BA6A200221593 /* Base */ = {isa = PBXFileReference; lastKnownFileType = file.storyboard; name = Base; path = Base.lproj/LaunchScreen.storyboard; sourceTree = "<group>"; };
		7300E6E72B5BA6A200221593 /* Info.plist */ = {isa = PBXFileReference; lastKnownFileType = text.plist.xml; path = Info.plist; sourceTree = "<group>"; };
		7300E6F12B5BAB4200221593 /* UIViewExtension.swift */ = {isa = PBXFileReference; lastKnownFileType = sourcecode.swift; path = UIViewExtension.swift; sourceTree = "<group>"; };
		7300E6F32B5BAE1E00221593 /* AppFontHelper.swift */ = {isa = PBXFileReference; lastKnownFileType = sourcecode.swift; path = AppFontHelper.swift; sourceTree = "<group>"; };
		7300E6F72B5BB2E400221593 /* LoginViewController.swift */ = {isa = PBXFileReference; lastKnownFileType = sourcecode.swift; path = LoginViewController.swift; sourceTree = "<group>"; };
		7300E6FC2B5BB87E00221593 /* ApiError.swift */ = {isa = PBXFileReference; fileEncoding = 4; lastKnownFileType = sourcecode.swift; path = ApiError.swift; sourceTree = "<group>"; };
		7300E6FD2B5BB87E00221593 /* ApiHelper.swift */ = {isa = PBXFileReference; fileEncoding = 4; lastKnownFileType = sourcecode.swift; path = ApiHelper.swift; sourceTree = "<group>"; };
		7300E6FF2B5BB87F00221593 /* ApiEndpoint.swift */ = {isa = PBXFileReference; fileEncoding = 4; lastKnownFileType = sourcecode.swift; path = ApiEndpoint.swift; sourceTree = "<group>"; };
		7300E7062B5BBAB900221593 /* LoginModel.swift */ = {isa = PBXFileReference; lastKnownFileType = sourcecode.swift; path = LoginModel.swift; sourceTree = "<group>"; };
		7300E7092B5BBB3600221593 /* LoginModelEncodable.swift */ = {isa = PBXFileReference; lastKnownFileType = sourcecode.swift; path = LoginModelEncodable.swift; sourceTree = "<group>"; };
		7300E70C2B5BBC0100221593 /* LoginModelDecodable.swift */ = {isa = PBXFileReference; lastKnownFileType = sourcecode.swift; path = LoginModelDecodable.swift; sourceTree = "<group>"; };
		7300E70E2B5BC05D00221593 /* LoginViewModel.swift */ = {isa = PBXFileReference; lastKnownFileType = sourcecode.swift; path = LoginViewModel.swift; sourceTree = "<group>"; };
		7300E7102B5D007F00221593 /* ActivityIndicator.swift */ = {isa = PBXFileReference; lastKnownFileType = sourcecode.swift; path = ActivityIndicator.swift; sourceTree = "<group>"; };
		7300E7122B5D011500221593 /* AppColor.swift */ = {isa = PBXFileReference; lastKnownFileType = sourcecode.swift; path = AppColor.swift; sourceTree = "<group>"; };
		7300E7142B5F2ED700221593 /* ApiManager.swift */ = {isa = PBXFileReference; fileEncoding = 4; lastKnownFileType = sourcecode.swift; path = ApiManager.swift; sourceTree = "<group>"; };
		7300E7162B5F304E00221593 /* AlertController.swift */ = {isa = PBXFileReference; lastKnownFileType = sourcecode.swift; path = AlertController.swift; sourceTree = "<group>"; };
		730277132B722C86005979A6 /* MealFilterViewController.swift */ = {isa = PBXFileReference; lastKnownFileType = sourcecode.swift; path = MealFilterViewController.swift; sourceTree = "<group>"; };
		730277152B722D8E005979A6 /* MealFilterDataSource.swift */ = {isa = PBXFileReference; lastKnownFileType = sourcecode.swift; path = MealFilterDataSource.swift; sourceTree = "<group>"; };
		730277192B722DBB005979A6 /* MealFilterViewModel.swift */ = {isa = PBXFileReference; lastKnownFileType = sourcecode.swift; path = MealFilterViewModel.swift; sourceTree = "<group>"; };
		7302771E2B722E81005979A6 /* MealFilterTableViewCell.swift */ = {isa = PBXFileReference; lastKnownFileType = sourcecode.swift; path = MealFilterTableViewCell.swift; sourceTree = "<group>"; };
		730C31F42B616BFD002756FE /* AppGradientLayer.swift */ = {isa = PBXFileReference; lastKnownFileType = sourcecode.swift; path = AppGradientLayer.swift; sourceTree = "<group>"; };
		7324CFBC2B6AD13B00DA6D35 /* MealListTableCellViewModel.swift */ = {isa = PBXFileReference; lastKnownFileType = sourcecode.swift; path = MealListTableCellViewModel.swift; sourceTree = "<group>"; };
		732E54252B70D73A00540CAD /* ShoppingHub__ v2.xcdatamodel */ = {isa = PBXFileReference; lastKnownFileType = wrapper.xcdatamodel; path = "ShoppingHub__ v2.xcdatamodel"; sourceTree = "<group>"; };
		7334C8C62B6FB51600DA0ED4 /* MealDetailModel.swift */ = {isa = PBXFileReference; lastKnownFileType = sourcecode.swift; path = MealDetailModel.swift; sourceTree = "<group>"; };
		7334C8C92B6FB5CD00DA0ED4 /* MealDetailViewModel.swift */ = {isa = PBXFileReference; lastKnownFileType = sourcecode.swift; path = MealDetailViewModel.swift; sourceTree = "<group>"; };
		7334C8CB2B6FB63800DA0ED4 /* MealDetailViewController.swift */ = {isa = PBXFileReference; lastKnownFileType = sourcecode.swift; path = MealDetailViewController.swift; sourceTree = "<group>"; };
		7334C8CF2B6FB92E00DA0ED4 /* MealDetailStoryboard.storyboard */ = {isa = PBXFileReference; lastKnownFileType = file.storyboard; path = MealDetailStoryboard.storyboard; sourceTree = "<group>"; };
		7334C8D12B6FD21E00DA0ED4 /* MealViewController.swift */ = {isa = PBXFileReference; lastKnownFileType = sourcecode.swift; path = MealViewController.swift; sourceTree = "<group>"; };
		7334C8D32B6FE3C900DA0ED4 /* IngredientDataSource.swift */ = {isa = PBXFileReference; lastKnownFileType = sourcecode.swift; path = IngredientDataSource.swift; sourceTree = "<group>"; };
		7334C8D52B6FE46400DA0ED4 /* IngredientCell.swift */ = {isa = PBXFileReference; lastKnownFileType = sourcecode.swift; path = IngredientCell.swift; sourceTree = "<group>"; };
		7334C8D92B6FEA2200DA0ED4 /* IngredientCellViewModel.swift */ = {isa = PBXFileReference; lastKnownFileType = sourcecode.swift; path = IngredientCellViewModel.swift; sourceTree = "<group>"; };
		73F8C9FB2B6A410200F467DF /* MealListDataSource.swift */ = {isa = PBXFileReference; lastKnownFileType = sourcecode.swift; path = MealListDataSource.swift; sourceTree = "<group>"; };
		73F8C9FD2B6A484F00F467DF /* MealCell.swift */ = {isa = PBXFileReference; lastKnownFileType = sourcecode.swift; path = MealCell.swift; sourceTree = "<group>"; };
		73F8C9FE2B6A484F00F467DF /* MealCell.xib */ = {isa = PBXFileReference; lastKnownFileType = file.xib; path = MealCell.xib; sourceTree = "<group>"; };
		F408644F2B79226200A31FCD /* FoodHub.app */ = {isa = PBXFileReference; explicitFileType = wrapper.application; includeInIndex = 0; path = FoodHub.app; sourceTree = BUILT_PRODUCTS_DIR; };
		F40864512B79226200A31FCD /* FoodHubApp.swift */ = {isa = PBXFileReference; lastKnownFileType = sourcecode.swift; path = FoodHubApp.swift; sourceTree = "<group>"; };
		F40864532B79226200A31FCD /* LoginView.swift */ = {isa = PBXFileReference; lastKnownFileType = sourcecode.swift; path = LoginView.swift; sourceTree = "<group>"; };
		F40864582B79226600A31FCD /* Preview Assets.xcassets */ = {isa = PBXFileReference; lastKnownFileType = folder.assetcatalog; path = "Preview Assets.xcassets"; sourceTree = "<group>"; };
		F408645F2B79265D00A31FCD /* GredientView.swift */ = {isa = PBXFileReference; lastKnownFileType = sourcecode.swift; path = GredientView.swift; sourceTree = "<group>"; };
		F41377EE2B6BC5FA002CE893 /* Constant.swift */ = {isa = PBXFileReference; lastKnownFileType = sourcecode.swift; path = Constant.swift; sourceTree = "<group>"; };
		F42082692B7147B9003A1E4C /* MealSearchViewController.swift */ = {isa = PBXFileReference; lastKnownFileType = sourcecode.swift; path = MealSearchViewController.swift; sourceTree = "<group>"; };
		F420826F2B714C04003A1E4C /* MealSeachViewModel.swift */ = {isa = PBXFileReference; lastKnownFileType = sourcecode.swift; path = MealSeachViewModel.swift; sourceTree = "<group>"; };
		F422140A2B6E51D0001A0130 /* DependencyRegistry.swift */ = {isa = PBXFileReference; lastKnownFileType = sourcecode.swift; path = DependencyRegistry.swift; sourceTree = "<group>"; };
		F45F3DB42B67A71F0095ECB1 /* FoodTopOptionbarViewModel.swift */ = {isa = PBXFileReference; lastKnownFileType = sourcecode.swift; path = FoodTopOptionbarViewModel.swift; sourceTree = "<group>"; };
		F45F3DBF2B698F130095ECB1 /* RealodFoodModel.swift */ = {isa = PBXFileReference; lastKnownFileType = sourcecode.swift; path = RealodFoodModel.swift; sourceTree = "<group>"; };
		F45F3DC12B6A2DE50095ECB1 /* TopOptionBar.swift */ = {isa = PBXFileReference; lastKnownFileType = sourcecode.swift; path = TopOptionBar.swift; sourceTree = "<group>"; };
		F45F3DC42B6A33DD0095ECB1 /* MealListTableViewController.swift */ = {isa = PBXFileReference; lastKnownFileType = sourcecode.swift; path = MealListTableViewController.swift; sourceTree = "<group>"; };
		F45F3DC62B6A34110095ECB1 /* MealListViewModel.swift */ = {isa = PBXFileReference; lastKnownFileType = sourcecode.swift; path = MealListViewModel.swift; sourceTree = "<group>"; };
		F47648C42B6C0F14001BABEC /* StoryboardExtension.swift */ = {isa = PBXFileReference; lastKnownFileType = sourcecode.swift; path = StoryboardExtension.swift; sourceTree = "<group>"; };
		F48A509A2B79327E0011C3FE /* Assets.xcassets */ = {isa = PBXFileReference; lastKnownFileType = folder.assetcatalog; path = Assets.xcassets; sourceTree = "<group>"; };
		F48A509E2B7934460011C3FE /* GradientBackgroundView.swift */ = {isa = PBXFileReference; lastKnownFileType = sourcecode.swift; path = GradientBackgroundView.swift; sourceTree = "<group>"; };
		F48D3A392B6D765100CC9961 /* RootNavigationCoordinator.swift */ = {isa = PBXFileReference; lastKnownFileType = sourcecode.swift; path = RootNavigationCoordinator.swift; sourceTree = "<group>"; };
		F4C20CED2B6645CC00D0C85C /* FoodTabController.swift */ = {isa = PBXFileReference; lastKnownFileType = sourcecode.swift; path = FoodTabController.swift; sourceTree = "<group>"; };
		F4C20CF12B66466300D0C85C /* FoodTabModel.swift */ = {isa = PBXFileReference; lastKnownFileType = sourcecode.swift; path = FoodTabModel.swift; sourceTree = "<group>"; };
		F4C20CF32B664B6200D0C85C /* FoodListDecadableModel.swift */ = {isa = PBXFileReference; lastKnownFileType = sourcecode.swift; path = FoodListDecadableModel.swift; sourceTree = "<group>"; };
		F4C20CF72B67768100D0C85C /* MealDataManager.swift */ = {isa = PBXFileReference; lastKnownFileType = sourcecode.swift; path = MealDataManager.swift; sourceTree = "<group>"; };
		F4C20CF92B6780C800D0C85C /* MealDataProvider.swift */ = {isa = PBXFileReference; lastKnownFileType = sourcecode.swift; path = MealDataProvider.swift; sourceTree = "<group>"; };
		F4C20CFC2B678D3900D0C85C /* FoodTabViewModel.swift */ = {isa = PBXFileReference; lastKnownFileType = sourcecode.swift; path = FoodTabViewModel.swift; sourceTree = "<group>"; };
		F4C20D012B67A16200D0C85C /* FoodOptionTopBarController.swift */ = {isa = PBXFileReference; lastKnownFileType = sourcecode.swift; path = FoodOptionTopBarController.swift; sourceTree = "<group>"; };
		F4C20D032B67A18800D0C85C /* FoodStoryboard.storyboard */ = {isa = PBXFileReference; lastKnownFileType = file.storyboard; path = FoodStoryboard.storyboard; sourceTree = "<group>"; };
/* End PBXFileReference section */

/* Begin PBXFrameworksBuildPhase section */
		7300E6D02B5BA69F00221593 /* Frameworks */ = {
			isa = PBXFrameworksBuildPhase;
			buildActionMask = 2147483647;
			files = (
				73F8CA052B6A81B300F467DF /* Kingfisher in Frameworks */,
				F45F3DBD2B696BCC0095ECB1 /* Tabman in Frameworks */,
				F47648B72B6BF420001BABEC /* Swinject in Frameworks */,
			);
			runOnlyForDeploymentPostprocessing = 0;
		};
		F408644C2B79226200A31FCD /* Frameworks */ = {
			isa = PBXFrameworksBuildPhase;
			buildActionMask = 2147483647;
			files = (
			);
			runOnlyForDeploymentPostprocessing = 0;
		};
/* End PBXFrameworksBuildPhase section */

/* Begin PBXGroup section */
		7300E6CA2B5BA69F00221593 = {
			isa = PBXGroup;
			children = (
				7300E6D52B5BA69F00221593 /* ShoppingHub!! */,
				F40864502B79226200A31FCD /* FoodHub */,
				7300E6D42B5BA69F00221593 /* Products */,
				F47648B52B6BF420001BABEC /* Frameworks */,
			);
			sourceTree = "<group>";
		};
		7300E6D42B5BA69F00221593 /* Products */ = {
			isa = PBXGroup;
			children = (
				7300E6D32B5BA69F00221593 /* ShoppingHub!!.app */,
				F408644F2B79226200A31FCD /* FoodHub.app */,
			);
			name = Products;
			sourceTree = "<group>";
		};
		7300E6D52B5BA69F00221593 /* ShoppingHub!! */ = {
			isa = PBXGroup;
			children = (
				F48A509A2B79327E0011C3FE /* Assets.xcassets */,
				7300E6ED2B5BA6B000221593 /* Application */,
				7300E6F02B5BAAF100221593 /* Helper */,
				7300E6EE2B5BA6C300221593 /* Login */,
				F4C20CEB2B65A10800D0C85C /* FoodDashBoard */,
				7334C8C42B6FB4C300DA0ED4 /* DetailDashBoard */,
				7300E6E42B5BA6A200221593 /* LaunchScreen.storyboard */,
				7300E6E72B5BA6A200221593 /* Info.plist */,
				7300E6DF2B5BA69F00221593 /* ShoppingHub__.xcdatamodeld */,
			);
			path = "ShoppingHub!!";
			sourceTree = "<group>";
		};
		7300E6ED2B5BA6B000221593 /* Application */ = {
			isa = PBXGroup;
			children = (
				7300E6D62B5BA69F00221593 /* AppDelegate.swift */,
			);
			path = Application;
			sourceTree = "<group>";
		};
		7300E6EE2B5BA6C300221593 /* Login */ = {
			isa = PBXGroup;
			children = (
				7300E7052B5BBAA900221593 /* Model */,
				7300E7042B5BBA7B00221593 /* ViewModel */,
				7300E6F52B5BB2B100221593 /* View */,
			);
			path = Login;
			sourceTree = "<group>";
		};
		7300E6EF2B5BA6CD00221593 /* Storyboard */ = {
			isa = PBXGroup;
			children = (
				7300E6DC2B5BA69F00221593 /* Main.storyboard */,
			);
			path = Storyboard;
			sourceTree = "<group>";
		};
		7300E6F02B5BAAF100221593 /* Helper */ = {
			isa = PBXGroup;
			children = (
				F48D3A382B6D75FD00CC9961 /* NavigationCoordinator */,
				F45F3DBE2B698EF60095ECB1 /* Reload */,
				F4C20CF62B67765700D0C85C /* DB */,
				7300E6F92B5BB74100221593 /* Networks */,
				7300E6F12B5BAB4200221593 /* UIViewExtension.swift */,
				7300E6F32B5BAE1E00221593 /* AppFontHelper.swift */,
				7300E7102B5D007F00221593 /* ActivityIndicator.swift */,
				7300E7122B5D011500221593 /* AppColor.swift */,
				7300E7162B5F304E00221593 /* AlertController.swift */,
				730C31F42B616BFD002756FE /* AppGradientLayer.swift */,
				F422140A2B6E51D0001A0130 /* DependencyRegistry.swift */,
			);
			path = Helper;
			sourceTree = "<group>";
		};
		7300E6F52B5BB2B100221593 /* View */ = {
			isa = PBXGroup;
			children = (
				7300E6F62B5BB2C200221593 /* Controller */,
				7300E6EF2B5BA6CD00221593 /* Storyboard */,
			);
			path = View;
			sourceTree = "<group>";
		};
		7300E6F62B5BB2C200221593 /* Controller */ = {
			isa = PBXGroup;
			children = (
				7300E6F72B5BB2E400221593 /* LoginViewController.swift */,
			);
			path = Controller;
			sourceTree = "<group>";
		};
		7300E6F92B5BB74100221593 /* Networks */ = {
			isa = PBXGroup;
			children = (
				7300E6FF2B5BB87F00221593 /* ApiEndpoint.swift */,
				7300E6FC2B5BB87E00221593 /* ApiError.swift */,
				7300E6FD2B5BB87E00221593 /* ApiHelper.swift */,
				7300E7142B5F2ED700221593 /* ApiManager.swift */,
				F41377EE2B6BC5FA002CE893 /* Constant.swift */,
				F47648C42B6C0F14001BABEC /* StoryboardExtension.swift */,
			);
			path = Networks;
			sourceTree = "<group>";
		};
		7300E7042B5BBA7B00221593 /* ViewModel */ = {
			isa = PBXGroup;
			children = (
				7300E70E2B5BC05D00221593 /* LoginViewModel.swift */,
			);
			path = ViewModel;
			sourceTree = "<group>";
		};
		7300E7052B5BBAA900221593 /* Model */ = {
			isa = PBXGroup;
			children = (
				7300E7082B5BBB0100221593 /* EncodableModel */,
				7300E70B2B5BBBB400221593 /* DecodableModel */,
				7300E7062B5BBAB900221593 /* LoginModel.swift */,
			);
			path = Model;
			sourceTree = "<group>";
		};
		7300E7082B5BBB0100221593 /* EncodableModel */ = {
			isa = PBXGroup;
			children = (
				7300E7092B5BBB3600221593 /* LoginModelEncodable.swift */,
			);
			path = EncodableModel;
			sourceTree = "<group>";
		};
		7300E70B2B5BBBB400221593 /* DecodableModel */ = {
			isa = PBXGroup;
			children = (
				7300E70C2B5BBC0100221593 /* LoginModelDecodable.swift */,
			);
			path = DecodableModel;
			sourceTree = "<group>";
		};
		730277122B722C4D005979A6 /* MealFilter */ = {
			isa = PBXGroup;
			children = (
				730277182B722DA6005979A6 /* ViewModel */,
				730277172B722D9B005979A6 /* View */,
			);
			path = MealFilter;
			sourceTree = "<group>";
		};
		730277172B722D9B005979A6 /* View */ = {
			isa = PBXGroup;
			children = (
				730277132B722C86005979A6 /* MealFilterViewController.swift */,
				730277152B722D8E005979A6 /* MealFilterDataSource.swift */,
				7302771E2B722E81005979A6 /* MealFilterTableViewCell.swift */,
			);
			path = View;
			sourceTree = "<group>";
		};
		730277182B722DA6005979A6 /* ViewModel */ = {
			isa = PBXGroup;
			children = (
				730277192B722DBB005979A6 /* MealFilterViewModel.swift */,
			);
			path = ViewModel;
			sourceTree = "<group>";
		};
		7334C8C42B6FB4C300DA0ED4 /* DetailDashBoard */ = {
			isa = PBXGroup;
			children = (
				7334C8CE2B6FB6CD00DA0ED4 /* View */,
				7334C8C52B6FB4E600DA0ED4 /* Model */,
				7334C8C82B6FB5A500DA0ED4 /* ViewModel */,
				7334C8CD2B6FB63C00DA0ED4 /* ViewController */,
			);
			path = DetailDashBoard;
			sourceTree = "<group>";
		};
		7334C8C52B6FB4E600DA0ED4 /* Model */ = {
			isa = PBXGroup;
			children = (
				7334C8C62B6FB51600DA0ED4 /* MealDetailModel.swift */,
			);
			path = Model;
			sourceTree = "<group>";
		};
		7334C8C82B6FB5A500DA0ED4 /* ViewModel */ = {
			isa = PBXGroup;
			children = (
				7334C8C92B6FB5CD00DA0ED4 /* MealDetailViewModel.swift */,
			);
			path = ViewModel;
			sourceTree = "<group>";
		};
		7334C8CD2B6FB63C00DA0ED4 /* ViewController */ = {
			isa = PBXGroup;
			children = (
				7334C8D72B6FE54B00DA0ED4 /* BaseVC */,
				7334C8D82B6FE9BE00DA0ED4 /* MealDetail */,
			);
			path = ViewController;
			sourceTree = "<group>";
		};
		7334C8CE2B6FB6CD00DA0ED4 /* View */ = {
			isa = PBXGroup;
			children = (
				7334C8CF2B6FB92E00DA0ED4 /* MealDetailStoryboard.storyboard */,
			);
			path = View;
			sourceTree = "<group>";
		};
		7334C8D72B6FE54B00DA0ED4 /* BaseVC */ = {
			isa = PBXGroup;
			children = (
				7334C8D12B6FD21E00DA0ED4 /* MealViewController.swift */,
			);
			path = BaseVC;
			sourceTree = "<group>";
		};
		7334C8D82B6FE9BE00DA0ED4 /* MealDetail */ = {
			isa = PBXGroup;
			children = (
				7334C8CB2B6FB63800DA0ED4 /* MealDetailViewController.swift */,
				7334C8D32B6FE3C900DA0ED4 /* IngredientDataSource.swift */,
				F42214132B700463001A0130 /* IngredientsCell */,
			);
			path = MealDetail;
			sourceTree = "<group>";
		};
		F40864502B79226200A31FCD /* FoodHub */ = {
			isa = PBXGroup;
			children = (
				F408645E2B79264500A31FCD /* Helper */,
				F40864512B79226200A31FCD /* FoodHubApp.swift */,
				F408645D2B7922B700A31FCD /* Login */,
				F40864572B79226600A31FCD /* Preview Content */,
			);
			path = FoodHub;
			sourceTree = "<group>";
		};
		F40864572B79226600A31FCD /* Preview Content */ = {
			isa = PBXGroup;
			children = (
				F40864582B79226600A31FCD /* Preview Assets.xcassets */,
			);
			path = "Preview Content";
			sourceTree = "<group>";
		};
		F408645D2B7922B700A31FCD /* Login */ = {
			isa = PBXGroup;
			children = (
				F40864532B79226200A31FCD /* LoginView.swift */,
			);
			path = Login;
			sourceTree = "<group>";
		};
		F408645E2B79264500A31FCD /* Helper */ = {
			isa = PBXGroup;
			children = (
				F48A50A02B7934950011C3FE /* Gradient */,
			);
			path = Helper;
			sourceTree = "<group>";
		};
		F42082682B714754003A1E4C /* Search */ = {
			isa = PBXGroup;
			children = (
				F420826B2B714B91003A1E4C /* View */,
				F42082712B714C94003A1E4C /* ViewModel */,
			);
			path = Search;
			sourceTree = "<group>";
		};
		F420826B2B714B91003A1E4C /* View */ = {
			isa = PBXGroup;
			children = (
				F42082692B7147B9003A1E4C /* MealSearchViewController.swift */,
			);
			path = View;
			sourceTree = "<group>";
		};
		F42082712B714C94003A1E4C /* ViewModel */ = {
			isa = PBXGroup;
			children = (
				F420826F2B714C04003A1E4C /* MealSeachViewModel.swift */,
			);
			path = ViewModel;
			sourceTree = "<group>";
		};
		F42214132B700463001A0130 /* IngredientsCell */ = {
			isa = PBXGroup;
			children = (
				7334C8D52B6FE46400DA0ED4 /* IngredientCell.swift */,
				7334C8D92B6FEA2200DA0ED4 /* IngredientCellViewModel.swift */,
			);
			path = IngredientsCell;
			sourceTree = "<group>";
		};
		F45F3DB62B692FEA0095ECB1 /* TopOptionBarController */ = {
			isa = PBXGroup;
			children = (
				F4C20D012B67A16200D0C85C /* FoodOptionTopBarController.swift */,
				F45F3DC12B6A2DE50095ECB1 /* TopOptionBar.swift */,
			);
			path = TopOptionBarController;
			sourceTree = "<group>";
		};
		F45F3DBE2B698EF60095ECB1 /* Reload */ = {
			isa = PBXGroup;
			children = (
				F45F3DBF2B698F130095ECB1 /* RealodFoodModel.swift */,
			);
			path = Reload;
			sourceTree = "<group>";
		};
		F45F3DC32B6A33B50095ECB1 /* ListController */ = {
			isa = PBXGroup;
			children = (
				F45F3DC42B6A33DD0095ECB1 /* MealListTableViewController.swift */,
				73F8C9FB2B6A410200F467DF /* MealListDataSource.swift */,
				F47648C62B6C134F001BABEC /* Cell */,
			);
			path = ListController;
			sourceTree = "<group>";
		};
		F47648B52B6BF420001BABEC /* Frameworks */ = {
			isa = PBXGroup;
			children = (
			);
			name = Frameworks;
			sourceTree = "<group>";
		};
		F47648C62B6C134F001BABEC /* Cell */ = {
			isa = PBXGroup;
			children = (
				73F8C9FD2B6A484F00F467DF /* MealCell.swift */,
				73F8C9FE2B6A484F00F467DF /* MealCell.xib */,
			);
			path = Cell;
			sourceTree = "<group>";
		};
		F48A50A02B7934950011C3FE /* Gradient */ = {
			isa = PBXGroup;
			children = (
				F408645F2B79265D00A31FCD /* GredientView.swift */,
				F48A509E2B7934460011C3FE /* GradientBackgroundView.swift */,
			);
			path = Gradient;
			sourceTree = "<group>";
		};
		F48D3A382B6D75FD00CC9961 /* NavigationCoordinator */ = {
			isa = PBXGroup;
			children = (
				F48D3A392B6D765100CC9961 /* RootNavigationCoordinator.swift */,
			);
			path = NavigationCoordinator;
			sourceTree = "<group>";
		};
		F4C20CEB2B65A10800D0C85C /* FoodDashBoard */ = {
			isa = PBXGroup;
			children = (
				730277122B722C4D005979A6 /* MealFilter */,
				F42082682B714754003A1E4C /* Search */,
				F4C20CF02B66462900D0C85C /* Model */,
				F4C20CFB2B678CEC00D0C85C /* ViewModel */,
				F4C20CEC2B66459B00D0C85C /* View */,
			);
			path = FoodDashBoard;
			sourceTree = "<group>";
		};
		F4C20CEC2B66459B00D0C85C /* View */ = {
			isa = PBXGroup;
			children = (
				F4C20CEF2B66461900D0C85C /* Controller */,
				F4C20D032B67A18800D0C85C /* FoodStoryboard.storyboard */,
			);
			path = View;
			sourceTree = "<group>";
		};
		F4C20CEF2B66461900D0C85C /* Controller */ = {
			isa = PBXGroup;
			children = (
				F4C20CED2B6645CC00D0C85C /* FoodTabController.swift */,
				F45F3DB62B692FEA0095ECB1 /* TopOptionBarController */,
				F45F3DC32B6A33B50095ECB1 /* ListController */,
			);
			path = Controller;
			sourceTree = "<group>";
		};
		F4C20CF02B66462900D0C85C /* Model */ = {
			isa = PBXGroup;
			children = (
				F4C20CF12B66466300D0C85C /* FoodTabModel.swift */,
				F4C20CF92B6780C800D0C85C /* MealDataProvider.swift */,
				F4C20CF52B664C3800D0C85C /* DecodableModel */,
			);
			path = Model;
			sourceTree = "<group>";
		};
		F4C20CF52B664C3800D0C85C /* DecodableModel */ = {
			isa = PBXGroup;
			children = (
				F4C20CF32B664B6200D0C85C /* FoodListDecadableModel.swift */,
			);
			path = DecodableModel;
			sourceTree = "<group>";
		};
		F4C20CF62B67765700D0C85C /* DB */ = {
			isa = PBXGroup;
			children = (
				F4C20CF72B67768100D0C85C /* MealDataManager.swift */,
			);
			path = DB;
			sourceTree = "<group>";
		};
		F4C20CFB2B678CEC00D0C85C /* ViewModel */ = {
			isa = PBXGroup;
			children = (
				F4C20CFC2B678D3900D0C85C /* FoodTabViewModel.swift */,
				F45F3DB42B67A71F0095ECB1 /* FoodTopOptionbarViewModel.swift */,
				F45F3DC62B6A34110095ECB1 /* MealListViewModel.swift */,
				7324CFBC2B6AD13B00DA6D35 /* MealListTableCellViewModel.swift */,
			);
			path = ViewModel;
			sourceTree = "<group>";
		};
/* End PBXGroup section */

/* Begin PBXNativeTarget section */
		7300E6D22B5BA69F00221593 /* ShoppingHub!! */ = {
			isa = PBXNativeTarget;
			buildConfigurationList = 7300E6EA2B5BA6A200221593 /* Build configuration list for PBXNativeTarget "ShoppingHub!!" */;
			buildPhases = (
				7300E6CF2B5BA69F00221593 /* Sources */,
				7300E6D02B5BA69F00221593 /* Frameworks */,
				7300E6D12B5BA69F00221593 /* Resources */,
				F47648BB2B6BF44B001BABEC /* Embed Frameworks */,
			);
			buildRules = (
			);
			dependencies = (
			);
			name = "ShoppingHub!!";
			packageProductDependencies = (
				F45F3DBC2B696BCC0095ECB1 /* Tabman */,
				73F8CA042B6A81B300F467DF /* Kingfisher */,
				F47648B62B6BF420001BABEC /* Swinject */,
			);
			productName = "ShoppingHub!!";
			productReference = 7300E6D32B5BA69F00221593 /* ShoppingHub!!.app */;
			productType = "com.apple.product-type.application";
		};
		F408644E2B79226200A31FCD /* FoodHub */ = {
			isa = PBXNativeTarget;
			buildConfigurationList = F408645C2B79226600A31FCD /* Build configuration list for PBXNativeTarget "FoodHub" */;
			buildPhases = (
				F408644B2B79226200A31FCD /* Sources */,
				F408644C2B79226200A31FCD /* Frameworks */,
				F408644D2B79226200A31FCD /* Resources */,
			);
			buildRules = (
			);
			dependencies = (
			);
			name = FoodHub;
			productName = FoodHub;
			productReference = F408644F2B79226200A31FCD /* FoodHub.app */;
			productType = "com.apple.product-type.application";
		};
/* End PBXNativeTarget section */

/* Begin PBXProject section */
		7300E6CB2B5BA69F00221593 /* Project object */ = {
			isa = PBXProject;
			attributes = {
				BuildIndependentTargetsInParallel = 1;
				LastSwiftUpdateCheck = 1410;
				LastUpgradeCheck = 1500;
				TargetAttributes = {
					7300E6D22B5BA69F00221593 = {
						CreatedOnToolsVersion = 15.0;
					};
					F408644E2B79226200A31FCD = {
						CreatedOnToolsVersion = 14.1;
					};
				};
			};
			buildConfigurationList = 7300E6CE2B5BA69F00221593 /* Build configuration list for PBXProject "ShoppingHub!!" */;
			compatibilityVersion = "Xcode 14.0";
			developmentRegion = en;
			hasScannedForEncodings = 0;
			knownRegions = (
				en,
				Base,
			);
			mainGroup = 7300E6CA2B5BA69F00221593;
			packageReferences = (
				F45F3DBB2B696BCC0095ECB1 /* XCRemoteSwiftPackageReference "Tabman" */,
				73F8CA032B6A81B300F467DF /* XCRemoteSwiftPackageReference "Kingfisher" */,
				F47648B12B6BD032001BABEC /* XCRemoteSwiftPackageReference "Swinject" */,
			);
			productRefGroup = 7300E6D42B5BA69F00221593 /* Products */;
			projectDirPath = "";
			projectRoot = "";
			targets = (
				7300E6D22B5BA69F00221593 /* ShoppingHub!! */,
				F408644E2B79226200A31FCD /* FoodHub */,
			);
		};
/* End PBXProject section */

/* Begin PBXResourcesBuildPhase section */
		7300E6D12B5BA69F00221593 /* Resources */ = {
			isa = PBXResourcesBuildPhase;
			buildActionMask = 2147483647;
			files = (
				7300E6E62B5BA6A200221593 /* LaunchScreen.storyboard in Resources */,
				7334C8D02B6FB92E00DA0ED4 /* MealDetailStoryboard.storyboard in Resources */,
				F4C20D042B67A18800D0C85C /* FoodStoryboard.storyboard in Resources */,
				73F8CA002B6A484F00F467DF /* MealCell.xib in Resources */,
				F48A509B2B79327E0011C3FE /* Assets.xcassets in Resources */,
				7300E6DE2B5BA69F00221593 /* Main.storyboard in Resources */,
			);
			runOnlyForDeploymentPostprocessing = 0;
		};
		F408644D2B79226200A31FCD /* Resources */ = {
			isa = PBXResourcesBuildPhase;
			buildActionMask = 2147483647;
			files = (
				F48A50AE2B794FA30011C3FE /* LaunchScreen.storyboard in Resources */,
				F48A509C2B7932960011C3FE /* Assets.xcassets in Resources */,
				F40864592B79226600A31FCD /* Preview Assets.xcassets in Resources */,
			);
			runOnlyForDeploymentPostprocessing = 0;
		};
/* End PBXResourcesBuildPhase section */

/* Begin PBXSourcesBuildPhase section */
		7300E6CF2B5BA69F00221593 /* Sources */ = {
			isa = PBXSourcesBuildPhase;
			buildActionMask = 2147483647;
			files = (
				F4C20CF42B664B6200D0C85C /* FoodListDecadableModel.swift in Sources */,
				7334C8D22B6FD21E00DA0ED4 /* MealViewController.swift in Sources */,
				F41377EF2B6BC5FA002CE893 /* Constant.swift in Sources */,
				7324CFBD2B6AD13B00DA6D35 /* MealListTableCellViewModel.swift in Sources */,
				F45F3DB52B67A71F0095ECB1 /* FoodTopOptionbarViewModel.swift in Sources */,
				7302771A2B722DBB005979A6 /* MealFilterViewModel.swift in Sources */,
				7302771F2B722E81005979A6 /* MealFilterTableViewCell.swift in Sources */,
				7334C8D62B6FE46400DA0ED4 /* IngredientCell.swift in Sources */,
				F42082702B714C04003A1E4C /* MealSeachViewModel.swift in Sources */,
				730277142B722C86005979A6 /* MealFilterViewController.swift in Sources */,
				7334C8C72B6FB51600DA0ED4 /* MealDetailModel.swift in Sources */,
				7300E6F82B5BB2E400221593 /* LoginViewController.swift in Sources */,
				F4C20CEE2B6645CC00D0C85C /* FoodTabController.swift in Sources */,
				F420826A2B7147B9003A1E4C /* MealSearchViewController.swift in Sources */,
				7300E6D72B5BA69F00221593 /* AppDelegate.swift in Sources */,
				F4C20CFD2B678D3900D0C85C /* FoodTabViewModel.swift in Sources */,
				7300E7072B5BBAB900221593 /* LoginModel.swift in Sources */,
				7334C8DA2B6FEA2200DA0ED4 /* IngredientCellViewModel.swift in Sources */,
				7300E7012B5BB87F00221593 /* ApiHelper.swift in Sources */,
				F45F3DC52B6A33DD0095ECB1 /* MealListTableViewController.swift in Sources */,
				73F8C9FF2B6A484F00F467DF /* MealCell.swift in Sources */,
				7334C8D42B6FE3C900DA0ED4 /* IngredientDataSource.swift in Sources */,
				7300E70F2B5BC05D00221593 /* LoginViewModel.swift in Sources */,
				F45F3DC22B6A2DE50095ECB1 /* TopOptionBar.swift in Sources */,
				F4C20CF82B67768100D0C85C /* MealDataManager.swift in Sources */,
				7300E7132B5D011500221593 /* AppColor.swift in Sources */,
				7300E6F22B5BAB4200221593 /* UIViewExtension.swift in Sources */,
				F422140B2B6E51D0001A0130 /* DependencyRegistry.swift in Sources */,
				F47648C52B6C0F14001BABEC /* StoryboardExtension.swift in Sources */,
				7300E7172B5F304E00221593 /* AlertController.swift in Sources */,
				7300E7112B5D007F00221593 /* ActivityIndicator.swift in Sources */,
				7300E70A2B5BBB3600221593 /* LoginModelEncodable.swift in Sources */,
				730C31F52B616BFD002756FE /* AppGradientLayer.swift in Sources */,
				F48D3A3B2B6E332100CC9961 /* RootNavigationCoordinator.swift in Sources */,
				F45F3DC02B698F130095ECB1 /* RealodFoodModel.swift in Sources */,
				7334C8CA2B6FB5CD00DA0ED4 /* MealDetailViewModel.swift in Sources */,
				F4C20CF22B66466300D0C85C /* FoodTabModel.swift in Sources */,
				F4C20D022B67A16200D0C85C /* FoodOptionTopBarController.swift in Sources */,
				7300E6E12B5BA69F00221593 /* ShoppingHub__.xcdatamodeld in Sources */,
				730277162B722D8E005979A6 /* MealFilterDataSource.swift in Sources */,
				7300E7032B5BB87F00221593 /* ApiEndpoint.swift in Sources */,
				73F8C9FC2B6A410200F467DF /* MealListDataSource.swift in Sources */,
				7334C8CC2B6FB63800DA0ED4 /* MealDetailViewController.swift in Sources */,
				F4C20CFA2B6780C800D0C85C /* MealDataProvider.swift in Sources */,
				7300E7002B5BB87F00221593 /* ApiError.swift in Sources */,
				7300E7152B5F2ED700221593 /* ApiManager.swift in Sources */,
				7300E6F42B5BAE1E00221593 /* AppFontHelper.swift in Sources */,
				7300E70D2B5BBC0100221593 /* LoginModelDecodable.swift in Sources */,
				F45F3DC72B6A34110095ECB1 /* MealListViewModel.swift in Sources */,
			);
			runOnlyForDeploymentPostprocessing = 0;
		};
		F408644B2B79226200A31FCD /* Sources */ = {
			isa = PBXSourcesBuildPhase;
			buildActionMask = 2147483647;
			files = (
				F48A50AA2B79451C0011C3FE /* RealodFoodModel.swift in Sources */,
				F48A509F2B7934460011C3FE /* GradientBackgroundView.swift in Sources */,
				F48A50AD2B7945780011C3FE /* ShoppingHub__.xcdatamodeld in Sources */,
				F48A50AB2B79452C0011C3FE /* MealDataManager.swift in Sources */,
				F48A50A32B7944C30011C3FE /* LoginModelDecodable.swift in Sources */,
				F48A50A92B7944F50011C3FE /* Constant.swift in Sources */,
				F40864542B79226200A31FCD /* LoginView.swift in Sources */,
				F48A50A42B7944C70011C3FE /* LoginModelEncodable.swift in Sources */,
				F40864632B7929A500A31FCD /* AppColor.swift in Sources */,
				F48A509D2B7933D70011C3FE /* AppGradientLayer.swift in Sources */,
				F48A50AC2B7945460011C3FE /* FoodListDecadableModel.swift in Sources */,
				F48A50A82B7944F10011C3FE /* ApiHelper.swift in Sources */,
				F48A50A52B7944E30011C3FE /* ApiManager.swift in Sources */,
				F40864522B79226200A31FCD /* FoodHubApp.swift in Sources */,
				F48A50A22B7944BF0011C3FE /* LoginModel.swift in Sources */,
				F40864602B79265D00A31FCD /* GredientView.swift in Sources */,
				F48A50A12B7944B90011C3FE /* LoginViewModel.swift in Sources */,
				F48A50A72B7944ED0011C3FE /* ApiError.swift in Sources */,
				F48A50A62B7944EA0011C3FE /* ApiEndpoint.swift in Sources */,
			);
			runOnlyForDeploymentPostprocessing = 0;
		};
/* End PBXSourcesBuildPhase section */

/* Begin PBXVariantGroup section */
		7300E6DC2B5BA69F00221593 /* Main.storyboard */ = {
			isa = PBXVariantGroup;
			children = (
				7300E6DD2B5BA69F00221593 /* Base */,
			);
			name = Main.storyboard;
			sourceTree = "<group>";
		};
		7300E6E42B5BA6A200221593 /* LaunchScreen.storyboard */ = {
			isa = PBXVariantGroup;
			children = (
				7300E6E52B5BA6A200221593 /* Base */,
			);
			name = LaunchScreen.storyboard;
			sourceTree = "<group>";
		};
/* End PBXVariantGroup section */

/* Begin XCBuildConfiguration section */
		7300E6E82B5BA6A200221593 /* Debug */ = {
			isa = XCBuildConfiguration;
			buildSettings = {
				ALWAYS_SEARCH_USER_PATHS = NO;
				ASSETCATALOG_COMPILER_GENERATE_SWIFT_ASSET_SYMBOL_EXTENSIONS = YES;
				CLANG_ANALYZER_NONNULL = YES;
				CLANG_ANALYZER_NUMBER_OBJECT_CONVERSION = YES_AGGRESSIVE;
				CLANG_CXX_LANGUAGE_STANDARD = "gnu++20";
				CLANG_ENABLE_MODULES = YES;
				CLANG_ENABLE_OBJC_ARC = YES;
				CLANG_ENABLE_OBJC_WEAK = YES;
				CLANG_WARN_BLOCK_CAPTURE_AUTORELEASING = YES;
				CLANG_WARN_BOOL_CONVERSION = YES;
				CLANG_WARN_COMMA = YES;
				CLANG_WARN_CONSTANT_CONVERSION = YES;
				CLANG_WARN_DEPRECATED_OBJC_IMPLEMENTATIONS = YES;
				CLANG_WARN_DIRECT_OBJC_ISA_USAGE = YES_ERROR;
				CLANG_WARN_DOCUMENTATION_COMMENTS = YES;
				CLANG_WARN_EMPTY_BODY = YES;
				CLANG_WARN_ENUM_CONVERSION = YES;
				CLANG_WARN_INFINITE_RECURSION = YES;
				CLANG_WARN_INT_CONVERSION = YES;
				CLANG_WARN_NON_LITERAL_NULL_CONVERSION = YES;
				CLANG_WARN_OBJC_IMPLICIT_RETAIN_SELF = YES;
				CLANG_WARN_OBJC_LITERAL_CONVERSION = YES;
				CLANG_WARN_OBJC_ROOT_CLASS = YES_ERROR;
				CLANG_WARN_QUOTED_INCLUDE_IN_FRAMEWORK_HEADER = YES;
				CLANG_WARN_RANGE_LOOP_ANALYSIS = YES;
				CLANG_WARN_STRICT_PROTOTYPES = YES;
				CLANG_WARN_SUSPICIOUS_MOVE = YES;
				CLANG_WARN_UNGUARDED_AVAILABILITY = YES_AGGRESSIVE;
				CLANG_WARN_UNREACHABLE_CODE = YES;
				CLANG_WARN__DUPLICATE_METHOD_MATCH = YES;
				COPY_PHASE_STRIP = NO;
				DEBUG_INFORMATION_FORMAT = dwarf;
				ENABLE_STRICT_OBJC_MSGSEND = YES;
				ENABLE_TESTABILITY = YES;
				ENABLE_USER_SCRIPT_SANDBOXING = YES;
				GCC_C_LANGUAGE_STANDARD = gnu17;
				GCC_DYNAMIC_NO_PIC = NO;
				GCC_NO_COMMON_BLOCKS = YES;
				GCC_OPTIMIZATION_LEVEL = 0;
				GCC_PREPROCESSOR_DEFINITIONS = (
					"DEBUG=1",
					"$(inherited)",
				);
				GCC_WARN_64_TO_32_BIT_CONVERSION = YES;
				GCC_WARN_ABOUT_RETURN_TYPE = YES_ERROR;
				GCC_WARN_UNDECLARED_SELECTOR = YES;
				GCC_WARN_UNINITIALIZED_AUTOS = YES_AGGRESSIVE;
				GCC_WARN_UNUSED_FUNCTION = YES;
				GCC_WARN_UNUSED_VARIABLE = YES;
				IPHONEOS_DEPLOYMENT_TARGET = 17.0;
				LOCALIZATION_PREFERS_STRING_CATALOGS = YES;
				MTL_ENABLE_DEBUG_INFO = INCLUDE_SOURCE;
				MTL_FAST_MATH = YES;
				ONLY_ACTIVE_ARCH = YES;
				SDKROOT = iphoneos;
				SWIFT_ACTIVE_COMPILATION_CONDITIONS = "DEBUG $(inherited)";
				SWIFT_OPTIMIZATION_LEVEL = "-Onone";
			};
			name = Debug;
		};
		7300E6E92B5BA6A200221593 /* Release */ = {
			isa = XCBuildConfiguration;
			buildSettings = {
				ALWAYS_SEARCH_USER_PATHS = NO;
				ASSETCATALOG_COMPILER_GENERATE_SWIFT_ASSET_SYMBOL_EXTENSIONS = YES;
				CLANG_ANALYZER_NONNULL = YES;
				CLANG_ANALYZER_NUMBER_OBJECT_CONVERSION = YES_AGGRESSIVE;
				CLANG_CXX_LANGUAGE_STANDARD = "gnu++20";
				CLANG_ENABLE_MODULES = YES;
				CLANG_ENABLE_OBJC_ARC = YES;
				CLANG_ENABLE_OBJC_WEAK = YES;
				CLANG_WARN_BLOCK_CAPTURE_AUTORELEASING = YES;
				CLANG_WARN_BOOL_CONVERSION = YES;
				CLANG_WARN_COMMA = YES;
				CLANG_WARN_CONSTANT_CONVERSION = YES;
				CLANG_WARN_DEPRECATED_OBJC_IMPLEMENTATIONS = YES;
				CLANG_WARN_DIRECT_OBJC_ISA_USAGE = YES_ERROR;
				CLANG_WARN_DOCUMENTATION_COMMENTS = YES;
				CLANG_WARN_EMPTY_BODY = YES;
				CLANG_WARN_ENUM_CONVERSION = YES;
				CLANG_WARN_INFINITE_RECURSION = YES;
				CLANG_WARN_INT_CONVERSION = YES;
				CLANG_WARN_NON_LITERAL_NULL_CONVERSION = YES;
				CLANG_WARN_OBJC_IMPLICIT_RETAIN_SELF = YES;
				CLANG_WARN_OBJC_LITERAL_CONVERSION = YES;
				CLANG_WARN_OBJC_ROOT_CLASS = YES_ERROR;
				CLANG_WARN_QUOTED_INCLUDE_IN_FRAMEWORK_HEADER = YES;
				CLANG_WARN_RANGE_LOOP_ANALYSIS = YES;
				CLANG_WARN_STRICT_PROTOTYPES = YES;
				CLANG_WARN_SUSPICIOUS_MOVE = YES;
				CLANG_WARN_UNGUARDED_AVAILABILITY = YES_AGGRESSIVE;
				CLANG_WARN_UNREACHABLE_CODE = YES;
				CLANG_WARN__DUPLICATE_METHOD_MATCH = YES;
				COPY_PHASE_STRIP = NO;
				DEBUG_INFORMATION_FORMAT = "dwarf-with-dsym";
				ENABLE_NS_ASSERTIONS = NO;
				ENABLE_STRICT_OBJC_MSGSEND = YES;
				ENABLE_USER_SCRIPT_SANDBOXING = YES;
				GCC_C_LANGUAGE_STANDARD = gnu17;
				GCC_NO_COMMON_BLOCKS = YES;
				GCC_WARN_64_TO_32_BIT_CONVERSION = YES;
				GCC_WARN_ABOUT_RETURN_TYPE = YES_ERROR;
				GCC_WARN_UNDECLARED_SELECTOR = YES;
				GCC_WARN_UNINITIALIZED_AUTOS = YES_AGGRESSIVE;
				GCC_WARN_UNUSED_FUNCTION = YES;
				GCC_WARN_UNUSED_VARIABLE = YES;
				IPHONEOS_DEPLOYMENT_TARGET = 17.0;
				LOCALIZATION_PREFERS_STRING_CATALOGS = YES;
				MTL_ENABLE_DEBUG_INFO = NO;
				MTL_FAST_MATH = YES;
				SDKROOT = iphoneos;
				SWIFT_COMPILATION_MODE = wholemodule;
				VALIDATE_PRODUCT = YES;
			};
			name = Release;
		};
		7300E6EB2B5BA6A200221593 /* Debug */ = {
			isa = XCBuildConfiguration;
			buildSettings = {
				ASSETCATALOG_COMPILER_APPICON_NAME = AppIcon;
				ASSETCATALOG_COMPILER_GLOBAL_ACCENT_COLOR_NAME = AccentColor;
				CODE_SIGN_STYLE = Automatic;
				CURRENT_PROJECT_VERSION = 1;
				DEVELOPMENT_TEAM = JQLQ3HJM6D;
				GENERATE_INFOPLIST_FILE = YES;
				INFOPLIST_FILE = "ShoppingHub!!/Info.plist";
				INFOPLIST_KEY_UIApplicationSupportsIndirectInputEvents = YES;
				INFOPLIST_KEY_UILaunchStoryboardName = LaunchScreen;
				INFOPLIST_KEY_UIMainStoryboardFile = FoodStoryboard;
				INFOPLIST_KEY_UISupportedInterfaceOrientations_iPad = "UIInterfaceOrientationPortrait UIInterfaceOrientationPortraitUpsideDown UIInterfaceOrientationLandscapeLeft UIInterfaceOrientationLandscapeRight";
				INFOPLIST_KEY_UISupportedInterfaceOrientations_iPhone = "UIInterfaceOrientationPortrait UIInterfaceOrientationLandscapeLeft UIInterfaceOrientationLandscapeRight";
				IPHONEOS_DEPLOYMENT_TARGET = 16.0;
				LD_RUNPATH_SEARCH_PATHS = (
					"$(inherited)",
					"@executable_path/Frameworks",
				);
				MARKETING_VERSION = 1.0;
				PRODUCT_BUNDLE_IDENTIFIER = "com.-KeyChainDemo.demo.ShoppingHub-Prince";
				PRODUCT_NAME = "$(TARGET_NAME)";
				SWIFT_EMIT_LOC_STRINGS = YES;
				SWIFT_VERSION = 5.0;
				TARGETED_DEVICE_FAMILY = "1,2";
			};
			name = Debug;
		};
		7300E6EC2B5BA6A200221593 /* Release */ = {
			isa = XCBuildConfiguration;
			buildSettings = {
				ASSETCATALOG_COMPILER_APPICON_NAME = AppIcon;
				ASSETCATALOG_COMPILER_GLOBAL_ACCENT_COLOR_NAME = AccentColor;
				CODE_SIGN_STYLE = Automatic;
				CURRENT_PROJECT_VERSION = 1;
				DEVELOPMENT_TEAM = JQLQ3HJM6D;
				GENERATE_INFOPLIST_FILE = YES;
				INFOPLIST_FILE = "ShoppingHub!!/Info.plist";
				INFOPLIST_KEY_UIApplicationSupportsIndirectInputEvents = YES;
				INFOPLIST_KEY_UILaunchStoryboardName = LaunchScreen;
				INFOPLIST_KEY_UIMainStoryboardFile = FoodStoryboard;
				INFOPLIST_KEY_UISupportedInterfaceOrientations_iPad = "UIInterfaceOrientationPortrait UIInterfaceOrientationPortraitUpsideDown UIInterfaceOrientationLandscapeLeft UIInterfaceOrientationLandscapeRight";
				INFOPLIST_KEY_UISupportedInterfaceOrientations_iPhone = "UIInterfaceOrientationPortrait UIInterfaceOrientationLandscapeLeft UIInterfaceOrientationLandscapeRight";
				IPHONEOS_DEPLOYMENT_TARGET = 16.0;
				LD_RUNPATH_SEARCH_PATHS = (
					"$(inherited)",
					"@executable_path/Frameworks",
				);
				MARKETING_VERSION = 1.0;
				PRODUCT_BUNDLE_IDENTIFIER = "com.-KeyChainDemo.demo.ShoppingHub-Prince";
				PRODUCT_NAME = "$(TARGET_NAME)";
				SWIFT_EMIT_LOC_STRINGS = YES;
				SWIFT_VERSION = 5.0;
				TARGETED_DEVICE_FAMILY = "1,2";
			};
			name = Release;
		};
		F408645A2B79226600A31FCD /* Debug */ = {
			isa = XCBuildConfiguration;
			buildSettings = {
				ASSETCATALOG_COMPILER_APPICON_NAME = AppIcon;
				ASSETCATALOG_COMPILER_GLOBAL_ACCENT_COLOR_NAME = AccentColor;
				CODE_SIGN_STYLE = Automatic;
				CURRENT_PROJECT_VERSION = 1;
				DEVELOPMENT_ASSET_PATHS = "\"FoodHub/Preview Content\"";
				DEVELOPMENT_TEAM = JQLQ3HJM6D;
				ENABLE_PREVIEWS = YES;
				GCC_C_LANGUAGE_STANDARD = gnu11;
				GENERATE_INFOPLIST_FILE = YES;
				INFOPLIST_KEY_UIApplicationSceneManifest_Generation = YES;
				INFOPLIST_KEY_UIApplicationSupportsIndirectInputEvents = YES;
				INFOPLIST_KEY_UILaunchScreen_Generation = YES;
				INFOPLIST_KEY_UISupportedInterfaceOrientations_iPad = "UIInterfaceOrientationPortrait UIInterfaceOrientationPortraitUpsideDown UIInterfaceOrientationLandscapeLeft UIInterfaceOrientationLandscapeRight";
				INFOPLIST_KEY_UISupportedInterfaceOrientations_iPhone = "UIInterfaceOrientationPortrait UIInterfaceOrientationLandscapeLeft UIInterfaceOrientationLandscapeRight";
				IPHONEOS_DEPLOYMENT_TARGET = 16.1;
				LD_RUNPATH_SEARCH_PATHS = (
					"$(inherited)",
					"@executable_path/Frameworks",
				);
				MARKETING_VERSION = 1.0;
				PRODUCT_BUNDLE_IDENTIFIER = FoodHub.FoodHub;
				PRODUCT_NAME = "$(TARGET_NAME)";
				SWIFT_ACTIVE_COMPILATION_CONDITIONS = DEBUG;
				SWIFT_EMIT_LOC_STRINGS = YES;
				SWIFT_VERSION = 5.0;
				TARGETED_DEVICE_FAMILY = "1,2";
			};
			name = Debug;
		};
		F408645B2B79226600A31FCD /* Release */ = {
			isa = XCBuildConfiguration;
			buildSettings = {
				ASSETCATALOG_COMPILER_APPICON_NAME = AppIcon;
				ASSETCATALOG_COMPILER_GLOBAL_ACCENT_COLOR_NAME = AccentColor;
				CODE_SIGN_STYLE = Automatic;
				CURRENT_PROJECT_VERSION = 1;
				DEVELOPMENT_ASSET_PATHS = "\"FoodHub/Preview Content\"";
				DEVELOPMENT_TEAM = JQLQ3HJM6D;
				ENABLE_PREVIEWS = YES;
				GCC_C_LANGUAGE_STANDARD = gnu11;
				GENERATE_INFOPLIST_FILE = YES;
				INFOPLIST_KEY_UIApplicationSceneManifest_Generation = YES;
				INFOPLIST_KEY_UIApplicationSupportsIndirectInputEvents = YES;
				INFOPLIST_KEY_UILaunchScreen_Generation = YES;
				INFOPLIST_KEY_UISupportedInterfaceOrientations_iPad = "UIInterfaceOrientationPortrait UIInterfaceOrientationPortraitUpsideDown UIInterfaceOrientationLandscapeLeft UIInterfaceOrientationLandscapeRight";
				INFOPLIST_KEY_UISupportedInterfaceOrientations_iPhone = "UIInterfaceOrientationPortrait UIInterfaceOrientationLandscapeLeft UIInterfaceOrientationLandscapeRight";
				IPHONEOS_DEPLOYMENT_TARGET = 16.1;
				LD_RUNPATH_SEARCH_PATHS = (
					"$(inherited)",
					"@executable_path/Frameworks",
				);
				MARKETING_VERSION = 1.0;
				PRODUCT_BUNDLE_IDENTIFIER = FoodHub.FoodHub;
				PRODUCT_NAME = "$(TARGET_NAME)";
				SWIFT_EMIT_LOC_STRINGS = YES;
				SWIFT_OPTIMIZATION_LEVEL = "-O";
				SWIFT_VERSION = 5.0;
				TARGETED_DEVICE_FAMILY = "1,2";
			};
			name = Release;
		};
/* End XCBuildConfiguration section */

/* Begin XCConfigurationList section */
		7300E6CE2B5BA69F00221593 /* Build configuration list for PBXProject "ShoppingHub!!" */ = {
			isa = XCConfigurationList;
			buildConfigurations = (
				7300E6E82B5BA6A200221593 /* Debug */,
				7300E6E92B5BA6A200221593 /* Release */,
			);
			defaultConfigurationIsVisible = 0;
			defaultConfigurationName = Release;
		};
		7300E6EA2B5BA6A200221593 /* Build configuration list for PBXNativeTarget "ShoppingHub!!" */ = {
			isa = XCConfigurationList;
			buildConfigurations = (
				7300E6EB2B5BA6A200221593 /* Debug */,
				7300E6EC2B5BA6A200221593 /* Release */,
			);
			defaultConfigurationIsVisible = 0;
			defaultConfigurationName = Release;
		};
		F408645C2B79226600A31FCD /* Build configuration list for PBXNativeTarget "FoodHub" */ = {
			isa = XCConfigurationList;
			buildConfigurations = (
				F408645A2B79226600A31FCD /* Debug */,
				F408645B2B79226600A31FCD /* Release */,
			);
			defaultConfigurationIsVisible = 0;
			defaultConfigurationName = Release;
		};
/* End XCConfigurationList section */

/* Begin XCRemoteSwiftPackageReference section */
		73F8CA032B6A81B300F467DF /* XCRemoteSwiftPackageReference "Kingfisher" */ = {
			isa = XCRemoteSwiftPackageReference;
			repositoryURL = "https://github.com/onevcat/Kingfisher.git";
			requirement = {
				kind = upToNextMajorVersion;
				minimumVersion = 7.10.2;
			};
		};
		F45F3DBB2B696BCC0095ECB1 /* XCRemoteSwiftPackageReference "Tabman" */ = {
			isa = XCRemoteSwiftPackageReference;
			repositoryURL = "https://github.com/uias/Tabman.git";
			requirement = {
				kind = upToNextMajorVersion;
				minimumVersion = 3.0.0;
			};
		};
		F47648B12B6BD032001BABEC /* XCRemoteSwiftPackageReference "Swinject" */ = {
			isa = XCRemoteSwiftPackageReference;
			repositoryURL = "https://github.com/Swinject/Swinject.git";
			requirement = {
				kind = upToNextMajorVersion;
				minimumVersion = 2.0.0;
			};
		};
/* End XCRemoteSwiftPackageReference section */

/* Begin XCSwiftPackageProductDependency section */
		73F8CA042B6A81B300F467DF /* Kingfisher */ = {
			isa = XCSwiftPackageProductDependency;
			package = 73F8CA032B6A81B300F467DF /* XCRemoteSwiftPackageReference "Kingfisher" */;
			productName = Kingfisher;
		};
		F45F3DBC2B696BCC0095ECB1 /* Tabman */ = {
			isa = XCSwiftPackageProductDependency;
			package = F45F3DBB2B696BCC0095ECB1 /* XCRemoteSwiftPackageReference "Tabman" */;
			productName = Tabman;
		};
		F47648B62B6BF420001BABEC /* Swinject */ = {
			isa = XCSwiftPackageProductDependency;
			package = F47648B12B6BD032001BABEC /* XCRemoteSwiftPackageReference "Swinject" */;
			productName = Swinject;
		};
/* End XCSwiftPackageProductDependency section */

/* Begin XCVersionGroup section */
		7300E6DF2B5BA69F00221593 /* ShoppingHub__.xcdatamodeld */ = {
			isa = XCVersionGroup;
			children = (
				732E54252B70D73A00540CAD /* ShoppingHub__ v2.xcdatamodel */,
				7300E6E02B5BA69F00221593 /* ShoppingHub__.xcdatamodel */,
			);
			currentVersion = 732E54252B70D73A00540CAD /* ShoppingHub__ v2.xcdatamodel */;
			path = ShoppingHub__.xcdatamodeld;
			sourceTree = "<group>";
			versionGroupType = wrapper.xcdatamodel;
		};
/* End XCVersionGroup section */
	};
	rootObject = 7300E6CB2B5BA69F00221593 /* Project object */;
}
