{
  "object": {
    "pins": [
      {
        "package": "Kingfisher",
        "repositoryURL": "https://github.com/onevcat/Kingfisher.git",
        "state": {
          "branch": null,
          "revision": "3ec0ab0bca4feb56e8b33e289c9496e89059dd08",
          "version": "7.10.2"
        }
      },
      {
        "package": "Pageboy",
        "repositoryURL": "https://github.com/uias/Pageboy",
        "state": {
          "branch": null,
          "revision": "5522aa6ae88633f6c23cf504e9cd684e963822f1",
          "version": "4.0.2"
        }
      },
      {
        "package": "Swinject",
        "repositoryURL": "https://github.com/Swinject/Swinject.git",
        "state": {
          "branch": null,
          "revision": "463cb2d659c8ae34899d18057ea5b1bb86fc3178",
          "version": "2.8.4"
        }
      }
    ]
  },
  "version": 1
}
